
Microsoft Visual Studio Solution File, Format Version 12.00
# Visual Studio Version 17
VisualStudioVersion = 17.5.33530.505
MinimumVisualStudioVersion = 10.0.40219.1
Project("{9A19103F-16F7-4668-BE54-9A1E7A4F7556}") = "BlazorEcommerce.Server", "BlazorEcommerce\Server\BlazorEcommerce.Server.csproj", "{6680456A-D843-4AD5-AF52-3B2F09C49014}"
EndProject
Project("{9A19103F-16F7-4668-BE54-9A1E7A4F7556}") = "BlazorEcommerce.Client", "BlazorEcommerce\Client\BlazorEcommerce.Client.csproj", "{B42F03AE-5ED9-419C-927D-55A6560BA203}"
EndProject
Project("{9A19103F-16F7-4668-BE54-9A1E7A4F7556}") = "BlazorEcommerce.Shared", "BlazorEcommerce\Shared\BlazorEcommerce.Shared.csproj", "{AF4BB8AC-AE68-4A08-B9E5-B15F0C136857}"
EndProject
Global
	GlobalSection(SolutionConfigurationPlatforms) = preSolution
		Debug|Any CPU = Debug|Any CPU
		Release|Any CPU = Release|Any CPU
	EndGlobalSection
	GlobalSection(ProjectConfigurationPlatforms) = postSolution
		{6680456A-D843-4AD5-AF52-3B2F09C49014}.Debug|Any CPU.ActiveCfg = Debug|Any CPU
		{6680456A-D843-4AD5-AF52-3B2F09C49014}.Debug|Any CPU.Build.0 = Debug|Any CPU
		{6680456A-D843-4AD5-AF52-3B2F09C49014}.Release|Any CPU.ActiveCfg = Release|Any CPU
		{6680456A-D843-4AD5-AF52-3B2F09C49014}.Release|Any CPU.Build.0 = Release|Any CPU
		{B42F03AE-5ED9-419C-927D-55A6560BA203}.Debug|Any CPU.ActiveCfg = Debug|Any CPU
		{B42F03AE-5ED9-419C-927D-55A6560BA203}.Debug|Any CPU.Build.0 = Debug|Any CPU
		{B42F03AE-5ED9-419C-927D-55A6560BA203}.Release|Any CPU.ActiveCfg = Release|Any CPU
		{B42F03AE-5ED9-419C-927D-55A6560BA203}.Release|Any CPU.Build.0 = Release|Any CPU
		{AF4BB8AC-AE68-4A08-B9E5-B15F0C136857}.Debug|Any CPU.ActiveCfg = Debug|Any CPU
		{AF4BB8AC-AE68-4A08-B9E5-B15F0C136857}.Debug|Any CPU.Build.0 = Debug|Any CPU
		{AF4BB8AC-AE68-4A08-B9E5-B15F0C136857}.Release|Any CPU.ActiveCfg = Release|Any CPU
		{AF4BB8AC-AE68-4A08-B9E5-B15F0C136857}.Release|Any CPU.Build.0 = Release|Any CPU
	EndGlobalSection
	GlobalSection(SolutionProperties) = preSolution
		HideSolutionNode = FALSE
	EndGlobalSection
	GlobalSection(ExtensibilityGlobals) = postSolution
		SolutionGuid = {1A97F192-4842-405A-9EAB-42281AE15F70}
	EndGlobalSection
EndGlobal
